// !$*UTF8*$!
{
	archiveVersion = 1;
	classes = {
	};
	objectVersion = 56;
	objects = {

/* Begin PBXBuildFile section */
		CC5274902B7AD75300593B67 /* GoogleSignInTestApp.swift in Sources */ = {isa = PBXBuildFile; fileRef = CC52748F2B7AD75300593B67 /* GoogleSignInTestApp.swift */; };
		CC5274922B7AD75300593B67 /* ContentView.swift in Sources */ = {isa = PBXBuildFile; fileRef = CC5274912B7AD75300593B67 /* ContentView.swift */; };
		CC5274942B7AD75300593B67 /* Assets.xcassets in Resources */ = {isa = PBXBuildFile; fileRef = CC5274932B7AD75300593B67 /* Assets.xcassets */; };
		CC5274972B7AD75300593B67 /* Preview Assets.xcassets in Resources */ = {isa = PBXBuildFile; fileRef = CC5274962B7AD75300593B67 /* Preview Assets.xcassets */; };
		CC5274A12B7AD75400593B67 /* GoogleSignInTestTests.swift in Sources */ = {isa = PBXBuildFile; fileRef = CC5274A02B7AD75400593B67 /* GoogleSignInTestTests.swift */; };
		CC5274AB2B7AD75400593B67 /* GoogleSignInTestUITests.swift in Sources */ = {isa = PBXBuildFile; fileRef = CC5274AA2B7AD75400593B67 /* GoogleSignInTestUITests.swift */; };
		CC5274AD2B7AD75400593B67 /* GoogleSignInTestUITestsLaunchTests.swift in Sources */ = {isa = PBXBuildFile; fileRef = CC5274AC2B7AD75400593B67 /* GoogleSignInTestUITestsLaunchTests.swift */; };
/* End PBXBuildFile section */

/* Begin PBXContainerItemProxy section */
		CC52749D2B7AD75400593B67 /* PBXContainerItemProxy */ = {
			isa = PBXContainerItemProxy;
			containerPortal = CC5274842B7AD75300593B67 /* Project object */;
			proxyType = 1;
			remoteGlobalIDString = CC52748B2B7AD75300593B67;
			remoteInfo = GoogleSignInTest;
		};
		CC5274A72B7AD75400593B67 /* PBXContainerItemProxy */ = {
			isa = PBXContainerItemProxy;
			containerPortal = CC5274842B7AD75300593B67 /* Project object */;
			proxyType = 1;
			remoteGlobalIDString = CC52748B2B7AD75300593B67;
			remoteInfo = GoogleSignInTest;
		};
/* End PBXContainerItemProxy section */

/* Begin PBXFileReference section */
		CC52748C2B7AD75300593B67 /* GoogleSignInTest.app */ = {isa = PBXFileReference; explicitFileType = wrapper.application; includeInIndex = 0; path = GoogleSignInTest.app; sourceTree = BUILT_PRODUCTS_DIR; };
		CC52748F2B7AD75300593B67 /* GoogleSignInTestApp.swift */ = {isa = PBXFileReference; lastKnownFileType = sourcecode.swift; path = GoogleSignInTestApp.swift; sourceTree = "<group>"; };
		CC5274912B7AD75300593B67 /* ContentView.swift */ = {isa = PBXFileReference; lastKnownFileType = sourcecode.swift; path = ContentView.swift; sourceTree = "<group>"; };
		CC5274932B7AD75300593B67 /* Assets.xcassets */ = {isa = PBXFileReference; lastKnownFileType = folder.assetcatalog; path = Assets.xcassets; sourceTree = "<group>"; };
		CC5274962B7AD75300593B67 /* Preview Assets.xcassets */ = {isa = PBXFileReference; lastKnownFileType = folder.assetcatalog; path = "Preview Assets.xcassets"; sourceTree = "<group>"; };
		CC52749C2B7AD75400593B67 /* GoogleSignInTestTests.xctest */ = {isa = PBXFileReference; explicitFileType = wrapper.cfbundle; includeInIndex = 0; path = GoogleSignInTestTests.xctest; sourceTree = BUILT_PRODUCTS_DIR; };
		CC5274A02B7AD75400593B67 /* GoogleSignInTestTests.swift */ = {isa = PBXFileReference; lastKnownFileType = sourcecode.swift; path = GoogleSignInTestTests.swift; sourceTree = "<group>"; };
		CC5274A62B7AD75400593B67 /* GoogleSignInTestUITests.xctest */ = {isa = PBXFileReference; explicitFileType = wrapper.cfbundle; includeInIndex = 0; path = GoogleSignInTestUITests.xctest; sourceTree = BUILT_PRODUCTS_DIR; };
		CC5274AA2B7AD75400593B67 /* GoogleSignInTestUITests.swift */ = {isa = PBXFileReference; lastKnownFileType = sourcecode.swift; path = GoogleSignInTestUITests.swift; sourceTree = "<group>"; };
		CC5274AC2B7AD75400593B67 /* GoogleSignInTestUITestsLaunchTests.swift */ = {isa = PBXFileReference; lastKnownFileType = sourcecode.swift; path = GoogleSignInTestUITestsLaunchTests.swift; sourceTree = "<group>"; };
/* End PBXFileReference section */

/* Begin PBXFrameworksBuildPhase section */
		CC5274892B7AD75300593B67 /* Frameworks */ = {
			isa = PBXFrameworksBuildPhase;
			buildActionMask = 2147483647;
			files = (
			);
			runOnlyForDeploymentPostprocessing = 0;
		};
		CC5274992B7AD75400593B67 /* Frameworks */ = {
			isa = PBXFrameworksBuildPhase;
			buildActionMask = 2147483647;
			files = (
			);
			runOnlyForDeploymentPostprocessing = 0;
		};
		CC5274A32B7AD75400593B67 /* Frameworks */ = {
			isa = PBXFrameworksBuildPhase;
			buildActionMask = 2147483647;
			files = (
			);
			runOnlyForDeploymentPostprocessing = 0;
		};
/* End PBXFrameworksBuildPhase section */

/* Begin PBXGroup section */
		CC5274832B7AD75300593B67 = {
			isa = PBXGroup;
			children = (
				CC52748E2B7AD75300593B67 /* GoogleSignInTest */,
				CC52749F2B7AD75400593B67 /* GoogleSignInTestTests */,
				CC5274A92B7AD75400593B67 /* GoogleSignInTestUITests */,
				CC52748D2B7AD75300593B67 /* Products */,
			);
			sourceTree = "<group>";
		};
		CC52748D2B7AD75300593B67 /* Products */ = {
			isa = PBXGroup;
			children = (
				CC52748C2B7AD75300593B67 /* GoogleSignInTest.app */,
				CC52749C2B7AD75400593B67 /* GoogleSignInTestTests.xctest */,
				CC5274A62B7AD75400593B67 /* GoogleSignInTestUITests.xctest */,
			);
			name = Products;
			sourceTree = "<group>";
		};
		CC52748E2B7AD75300593B67 /* GoogleSignInTest */ = {
			isa = PBXGroup;
			children = (
				CC52748F2B7AD75300593B67 /* GoogleSignInTestApp.swift */,
				CC5274912B7AD75300593B67 /* ContentView.swift */,
				CC5274932B7AD75300593B67 /* Assets.xcassets */,
				CC5274952B7AD75300593B67 /* Preview Content */,
			);
			path = GoogleSignInTest;
			sourceTree = "<group>";
		};
		CC5274952B7AD75300593B67 /* Preview Content */ = {
			isa = PBXGroup;
			children = (
				CC5274962B7AD75300593B67 /* Preview Assets.xcassets */,
			);
			path = "Preview Content";
			sourceTree = "<group>";
		};
		CC52749F2B7AD75400593B67 /* GoogleSignInTestTests */ = {
			isa = PBXGroup;
			children = (
				CC5274A02B7AD75400593B67 /* GoogleSignInTestTests.swift */,
			);
			path = GoogleSignInTestTests;
			sourceTree = "<group>";
		};
		CC5274A92B7AD75400593B67 /* GoogleSignInTestUITests */ = {
			isa = PBXGroup;
			children = (
				CC5274AA2B7AD75400593B67 /* GoogleSignInTestUITests.swift */,
				CC5274AC2B7AD75400593B67 /* GoogleSignInTestUITestsLaunchTests.swift */,
			);
			path = GoogleSignInTestUITests;
			sourceTree = "<group>";
		};
/* End PBXGroup section */

/* Begin PBXNativeTarget section */
		CC52748B2B7AD75300593B67 /* GoogleSignInTest */ = {
			isa = PBXNativeTarget;
			buildConfigurationList = CC5274B02B7AD75400593B67 /* Build configuration list for PBXNativeTarget "GoogleSignInTest" */;
			buildPhases = (
				CC5274882B7AD75300593B67 /* Sources */,
				CC5274892B7AD75300593B67 /* Frameworks */,
				CC52748A2B7AD75300593B67 /* Resources */,
			);
			buildRules = (
			);
			dependencies = (
			);
			name = GoogleSignInTest;
			productName = GoogleSignInTest;
			productReference = CC52748C2B7AD75300593B67 /* GoogleSignInTest.app */;
			productType = "com.apple.product-type.application";
		};
		CC52749B2B7AD75400593B67 /* GoogleSignInTestTests */ = {
			isa = PBXNativeTarget;
			buildConfigurationList = CC5274B32B7AD75400593B67 /* Build configuration list for PBXNativeTarget "GoogleSignInTestTests" */;
			buildPhases = (
				CC5274982B7AD75400593B67 /* Sources */,
				CC5274992B7AD75400593B67 /* Frameworks */,
				CC52749A2B7AD75400593B67 /* Resources */,
			);
			buildRules = (
			);
			dependencies = (
				CC52749E2B7AD75400593B67 /* PBXTargetDependency */,
			);
			name = GoogleSignInTestTests;
			productName = GoogleSignInTestTests;
			productReference = CC52749C2B7AD75400593B67 /* GoogleSignInTestTests.xctest */;
			productType = "com.apple.product-type.bundle.unit-test";
		};
		CC5274A52B7AD75400593B67 /* GoogleSignInTestUITests */ = {
			isa = PBXNativeTarget;
			buildConfigurationList = CC5274B62B7AD75400593B67 /* Build configuration list for PBXNativeTarget "GoogleSignInTestUITests" */;
			buildPhases = (
				CC5274A22B7AD75400593B67 /* Sources */,
				CC5274A32B7AD75400593B67 /* Frameworks */,
				CC5274A42B7AD75400593B67 /* Resources */,
			);
			buildRules = (
			);
			dependencies = (
				CC5274A82B7AD75400593B67 /* PBXTargetDependency */,
			);
			name = GoogleSignInTestUITests;
			productName = GoogleSignInTestUITests;
			productReference = CC5274A62B7AD75400593B67 /* GoogleSignInTestUITests.xctest */;
			productType = "com.apple.product-type.bundle.ui-testing";
		};
/* End PBXNativeTarget section */

/* Begin PBXProject section */
		CC5274842B7AD75300593B67 /* Project object */ = {
			isa = PBXProject;
			attributes = {
				BuildIndependentTargetsInParallel = 1;
				LastSwiftUpdateCheck = 1520;
				LastUpgradeCheck = 1520;
				TargetAttributes = {
					CC52748B2B7AD75300593B67 = {
						CreatedOnToolsVersion = 15.2;
					};
					CC52749B2B7AD75400593B67 = {
						CreatedOnToolsVersion = 15.2;
						TestTargetID = CC52748B2B7AD75300593B67;
					};
					CC5274A52B7AD75400593B67 = {
						CreatedOnToolsVersion = 15.2;
						TestTargetID = CC52748B2B7AD75300593B67;
					};
				};
			};
			buildConfigurationList = CC5274872B7AD75300593B67 /* Build configuration list for PBXProject "GoogleSignInTest" */;
			compatibilityVersion = "Xcode 14.0";
			developmentRegion = en;
			hasScannedForEncodings = 0;
			knownRegions = (
				en,
				Base,
			);
			mainGroup = CC5274832B7AD75300593B67;
			packageReferences = (
				CC5274B92B7AD78100593B67 /* XCRemoteSwiftPackageReference "GoogleSignIn-iOS" */,
			);
			productRefGroup = CC52748D2B7AD75300593B67 /* Products */;
			projectDirPath = "";
			projectRoot = "";
			targets = (
				CC52748B2B7AD75300593B67 /* GoogleSignInTest */,
				CC52749B2B7AD75400593B67 /* GoogleSignInTestTests */,
				CC5274A52B7AD75400593B67 /* GoogleSignInTestUITests */,
			);
		};
/* End PBXProject section */

/* Begin PBXResourcesBuildPhase section */
		CC52748A2B7AD75300593B67 /* Resources */ = {
			isa = PBXResourcesBuildPhase;
			buildActionMask = 2147483647;
			files = (
				CC5274972B7AD75300593B67 /* Preview Assets.xcassets in Resources */,
				CC5274942B7AD75300593B67 /* Assets.xcassets in Resources */,
			);
			runOnlyForDeploymentPostprocessing = 0;
		};
		CC52749A2B7AD75400593B67 /* Resources */ = {
			isa = PBXResourcesBuildPhase;
			buildActionMask = 2147483647;
			files = (
			);
			runOnlyForDeploymentPostprocessing = 0;
		};
		CC5274A42B7AD75400593B67 /* Resources */ = {
			isa = PBXResourcesBuildPhase;
			buildActionMask = 2147483647;
			files = (
			);
			runOnlyForDeploymentPostprocessing = 0;
		};
/* End PBXResourcesBuildPhase section */

/* Begin PBXSourcesBuildPhase section */
		CC5274882B7AD75300593B67 /* Sources */ = {
			isa = PBXSourcesBuildPhase;
			buildActionMask = 2147483647;
			files = (
				CC5274922B7AD75300593B67 /* ContentView.swift in Sources */,
				CC5274902B7AD75300593B67 /* GoogleSignInTestApp.swift in Sources */,
			);
			runOnlyForDeploymentPostprocessing = 0;
		};
		CC5274982B7AD75400593B67 /* Sources */ = {
			isa = PBXSourcesBuildPhase;
			buildActionMask = 2147483647;
			files = (
				CC5274A12B7AD75400593B67 /* GoogleSignInTestTests.swift in Sources */,
			);
			runOnlyForDeploymentPostprocessing = 0;
		};
		CC5274A22B7AD75400593B67 /* Sources */ = {
			isa = PBXSourcesBuildPhase;
			buildActionMask = 2147483647;
			files = (
				CC5274AB2B7AD75400593B67 /* GoogleSignInTestUITests.swift in Sources */,
				CC5274AD2B7AD75400593B67 /* GoogleSignInTestUITestsLaunchTests.swift in Sources */,
			);
			runOnlyForDeploymentPostprocessing = 0;
		};
/* End PBXSourcesBuildPhase section */

/* Begin PBXTargetDependency section */
		CC52749E2B7AD75400593B67 /* PBXTargetDependency */ = {
			isa = PBXTargetDependency;
			target = CC52748B2B7AD75300593B67 /* GoogleSignInTest */;
			targetProxy = CC52749D2B7AD75400593B67 /* PBXContainerItemProxy */;
		};
		CC5274A82B7AD75400593B67 /* PBXTargetDependency */ = {
			isa = PBXTargetDependency;
			target = CC52748B2B7AD75300593B67 /* GoogleSignInTest */;
			targetProxy = CC5274A72B7AD75400593B67 /* PBXContainerItemProxy */;
		};
/* End PBXTargetDependency section */

/* Begin XCBuildConfiguration section */
		CC5274AE2B7AD75400593B67 /* Debug */ = {
			isa = XCBuildConfiguration;
			buildSettings = {
				ALWAYS_SEARCH_USER_PATHS = NO;
				ASSETCATALOG_COMPILER_GENERATE_SWIFT_ASSET_SYMBOL_EXTENSIONS = YES;
				CLANG_ANALYZER_NONNULL = YES;
				CLANG_ANALYZER_NUMBER_OBJECT_CONVERSION = YES_AGGRESSIVE;
				CLANG_CXX_LANGUAGE_STANDARD = "gnu++20";
				CLANG_ENABLE_MODULES = YES;
				CLANG_ENABLE_OBJC_ARC = YES;
				CLANG_ENABLE_OBJC_WEAK = YES;
				CLANG_WARN_BLOCK_CAPTURE_AUTORELEASING = YES;
				CLANG_WARN_BOOL_CONVERSION = YES;
				CLANG_WARN_COMMA = YES;
				CLANG_WARN_CONSTANT_CONVERSION = YES;
				CLANG_WARN_DEPRECATED_OBJC_IMPLEMENTATIONS = YES;
				CLANG_WARN_DIRECT_OBJC_ISA_USAGE = YES_ERROR;
				CLANG_WARN_DOCUMENTATION_COMMENTS = YES;
				CLANG_WARN_EMPTY_BODY = YES;
				CLANG_WARN_ENUM_CONVERSION = YES;
				CLANG_WARN_INFINITE_RECURSION = YES;
				CLANG_WARN_INT_CONVERSION = YES;
				CLANG_WARN_NON_LITERAL_NULL_CONVERSION = YES;
				CLANG_WARN_OBJC_IMPLICIT_RETAIN_SELF = YES;
				CLANG_WARN_OBJC_LITERAL_CONVERSION = YES;
				CLANG_WARN_OBJC_ROOT_CLASS = YES_ERROR;
				CLANG_WARN_QUOTED_INCLUDE_IN_FRAMEWORK_HEADER = YES;
				CLANG_WARN_RANGE_LOOP_ANALYSIS = YES;
				CLANG_WARN_STRICT_PROTOTYPES = YES;
				CLANG_WARN_SUSPICIOUS_MOVE = YES;
				CLANG_WARN_UNGUARDED_AVAILABILITY = YES_AGGRESSIVE;
				CLANG_WARN_UNREACHABLE_CODE = YES;
				CLANG_WARN__DUPLICATE_METHOD_MATCH = YES;
				COPY_PHASE_STRIP = NO;
				DEBUG_INFORMATION_FORMAT = dwarf;
				ENABLE_STRICT_OBJC_MSGSEND = YES;
				ENABLE_TESTABILITY = YES;
				ENABLE_USER_SCRIPT_SANDBOXING = YES;
				GCC_C_LANGUAGE_STANDARD = gnu17;
				GCC_DYNAMIC_NO_PIC = NO;
				GCC_NO_COMMON_BLOCKS = YES;
				GCC_OPTIMIZATION_LEVEL = 0;
				GCC_PREPROCESSOR_DEFINITIONS = (
					"DEBUG=1",
					"$(inherited)",
				);
				GCC_WARN_64_TO_32_BIT_CONVERSION = YES;
				GCC_WARN_ABOUT_RETURN_TYPE = YES_ERROR;
				GCC_WARN_UNDECLARED_SELECTOR = YES;
				GCC_WARN_UNINITIALIZED_AUTOS = YES_AGGRESSIVE;
				GCC_WARN_UNUSED_FUNCTION = YES;
				GCC_WARN_UNUSED_VARIABLE = YES;
				IPHONEOS_DEPLOYMENT_TARGET = 17.2;
				LOCALIZATION_PREFERS_STRING_CATALOGS = YES;
				MTL_ENABLE_DEBUG_INFO = INCLUDE_SOURCE;
				MTL_FAST_MATH = YES;
				ONLY_ACTIVE_ARCH = YES;
				SDKROOT = iphoneos;
				SWIFT_ACTIVE_COMPILATION_CONDITIONS = "DEBUG $(inherited)";
				SWIFT_OPTIMIZATION_LEVEL = "-Onone";
			};
			name = Debug;
		};
		CC5274AF2B7AD75400593B67 /* Release */ = {
			isa = XCBuildConfiguration;
			buildSettings = {
				ALWAYS_SEARCH_USER_PATHS = NO;
				ASSETCATALOG_COMPILER_GENERATE_SWIFT_ASSET_SYMBOL_EXTENSIONS = YES;
				CLANG_ANALYZER_NONNULL = YES;
				CLANG_ANALYZER_NUMBER_OBJECT_CONVERSION = YES_AGGRESSIVE;
				CLANG_CXX_LANGUAGE_STANDARD = "gnu++20";
				CLANG_ENABLE_MODULES = YES;
				CLANG_ENABLE_OBJC_ARC = YES;
				CLANG_ENABLE_OBJC_WEAK = YES;
				CLANG_WARN_BLOCK_CAPTURE_AUTORELEASING = YES;
				CLANG_WARN_BOOL_CONVERSION = YES;
				CLANG_WARN_COMMA = YES;
				CLANG_WARN_CONSTANT_CONVERSION = YES;
				CLANG_WARN_DEPRECATED_OBJC_IMPLEMENTATIONS = YES;
				CLANG_WARN_DIRECT_OBJC_ISA_USAGE = YES_ERROR;
				CLANG_WARN_DOCUMENTATION_COMMENTS = YES;
				CLANG_WARN_EMPTY_BODY = YES;
				CLANG_WARN_ENUM_CONVERSION = YES;
				CLANG_WARN_INFINITE_RECURSION = YES;
				CLANG_WARN_INT_CONVERSION = YES;
				CLANG_WARN_NON_LITERAL_NULL_CONVERSION = YES;
				CLANG_WARN_OBJC_IMPLICIT_RETAIN_SELF = YES;
				CLANG_WARN_OBJC_LITERAL_CONVERSION = YES;
				CLANG_WARN_OBJC_ROOT_CLASS = YES_ERROR;
				CLANG_WARN_QUOTED_INCLUDE_IN_FRAMEWORK_HEADER = YES;
				CLANG_WARN_RANGE_LOOP_ANALYSIS = YES;
				CLANG_WARN_STRICT_PROTOTYPES = YES;
				CLANG_WARN_SUSPICIOUS_MOVE = YES;
				CLANG_WARN_UNGUARDED_AVAILABILITY = YES_AGGRESSIVE;
				CLANG_WARN_UNREACHABLE_CODE = YES;
				CLANG_WARN__DUPLICATE_METHOD_MATCH = YES;
				COPY_PHASE_STRIP = NO;
				DEBUG_INFORMATION_FORMAT = "dwarf-with-dsym";
				ENABLE_NS_ASSERTIONS = NO;
				ENABLE_STRICT_OBJC_MSGSEND = YES;
				ENABLE_USER_SCRIPT_SANDBOXING = YES;
				GCC_C_LANGUAGE_STANDARD = gnu17;
				GCC_NO_COMMON_BLOCKS = YES;
				GCC_WARN_64_TO_32_BIT_CONVERSION = YES;
				GCC_WARN_ABOUT_RETURN_TYPE = YES_ERROR;
				GCC_WARN_UNDECLARED_SELECTOR = YES;
				GCC_WARN_UNINITIALIZED_AUTOS = YES_AGGRESSIVE;
				GCC_WARN_UNUSED_FUNCTION = YES;
				GCC_WARN_UNUSED_VARIABLE = YES;
				IPHONEOS_DEPLOYMENT_TARGET = 17.2;
				LOCALIZATION_PREFERS_STRING_CATALOGS = YES;
				MTL_ENABLE_DEBUG_INFO = NO;
				MTL_FAST_MATH = YES;
				SDKROOT = iphoneos;
				SWIFT_COMPILATION_MODE = wholemodule;
				VALIDATE_PRODUCT = YES;
			};
			name = Release;
		};
		CC5274B12B7AD75400593B67 /* Debug */ = {
			isa = XCBuildConfiguration;
			buildSettings = {
				ASSETCATALOG_COMPILER_APPICON_NAME = AppIcon;
				ASSETCATALOG_COMPILER_GLOBAL_ACCENT_COLOR_NAME = AccentColor;
				CODE_SIGN_STYLE = Automatic;
				CURRENT_PROJECT_VERSION = 1;
				DEVELOPMENT_ASSET_PATHS = "\"GoogleSignInTest/Preview Content\"";
				DEVELOPMENT_TEAM = 7T2874S592;
				ENABLE_PREVIEWS = YES;
				GENERATE_INFOPLIST_FILE = YES;
				INFOPLIST_KEY_UIApplicationSceneManifest_Generation = YES;
				INFOPLIST_KEY_UIApplicationSupportsIndirectInputEvents = YES;
				INFOPLIST_KEY_UILaunchScreen_Generation = YES;
				INFOPLIST_KEY_UISupportedInterfaceOrientations_iPad = "UIInterfaceOrientationPortrait UIInterfaceOrientationPortraitUpsideDown UIInterfaceOrientationLandscapeLeft UIInterfaceOrientationLandscapeRight";
				INFOPLIST_KEY_UISupportedInterfaceOrientations_iPhone = "UIInterfaceOrientationPortrait UIInterfaceOrientationLandscapeLeft UIInterfaceOrientationLandscapeRight";
				LD_RUNPATH_SEARCH_PATHS = (
					"$(inherited)",
					"@executable_path/Frameworks",
				);
				MARKETING_VERSION = 1.0;
				PRODUCT_BUNDLE_IDENTIFIER = com.cambrianmoment.GoogleSignInTest;
				PRODUCT_NAME = "$(TARGET_NAME)";
				SWIFT_EMIT_LOC_STRINGS = YES;
				SWIFT_VERSION = 5.0;
				TARGETED_DEVICE_FAMILY = "1,2";
			};
			name = Debug;
		};
		CC5274B22B7AD75400593B67 /* Release */ = {
			isa = XCBuildConfiguration;
			buildSettings = {
				ASSETCATALOG_COMPILER_APPICON_NAME = AppIcon;
				ASSETCATALOG_COMPILER_GLOBAL_ACCENT_COLOR_NAME = AccentColor;
				CODE_SIGN_STYLE = Automatic;
				CURRENT_PROJECT_VERSION = 1;
				DEVELOPMENT_ASSET_PATHS = "\"GoogleSignInTest/Preview Content\"";
				DEVELOPMENT_TEAM = 7T2874S592;
				ENABLE_PREVIEWS = YES;
				GENERATE_INFOPLIST_FILE = YES;
				INFOPLIST_KEY_UIApplicationSceneManifest_Generation = YES;
				INFOPLIST_KEY_UIApplicationSupportsIndirectInputEvents = YES;
				INFOPLIST_KEY_UILaunchScreen_Generation = YES;
				INFOPLIST_KEY_UISupportedInterfaceOrientations_iPad = "UIInterfaceOrientationPortrait UIInterfaceOrientationPortraitUpsideDown UIInterfaceOrientationLandscapeLeft UIInterfaceOrientationLandscapeRight";
				INFOPLIST_KEY_UISupportedInterfaceOrientations_iPhone = "UIInterfaceOrientationPortrait UIInterfaceOrientationLandscapeLeft UIInterfaceOrientationLandscapeRight";
				LD_RUNPATH_SEARCH_PATHS = (
					"$(inherited)",
					"@executable_path/Frameworks",
				);
				MARKETING_VERSION = 1.0;
				PRODUCT_BUNDLE_IDENTIFIER = com.cambrianmoment.GoogleSignInTest;
				PRODUCT_NAME = "$(TARGET_NAME)";
				SWIFT_EMIT_LOC_STRINGS = YES;
				SWIFT_VERSION = 5.0;
				TARGETED_DEVICE_FAMILY = "1,2";
			};
			name = Release;
		};
		CC5274B42B7AD75400593B67 /* Debug */ = {
			isa = XCBuildConfiguration;
			buildSettings = {
				ALWAYS_EMBED_SWIFT_STANDARD_LIBRARIES = YES;
				BUNDLE_LOADER = "$(TEST_HOST)";
				CODE_SIGN_STYLE = Automatic;
				CURRENT_PROJECT_VERSION = 1;
				DEVELOPMENT_TEAM = 7T2874S592;
				GENERATE_INFOPLIST_FILE = YES;
				IPHONEOS_DEPLOYMENT_TARGET = 17.2;
				MARKETING_VERSION = 1.0;
				PRODUCT_BUNDLE_IDENTIFIER = com.cambrianmoment.GoogleSignInTestTests;
				PRODUCT_NAME = "$(TARGET_NAME)";
				SWIFT_EMIT_LOC_STRINGS = NO;
				SWIFT_VERSION = 5.0;
				TARGETED_DEVICE_FAMILY = "1,2";
				TEST_HOST = "$(BUILT_PRODUCTS_DIR)/GoogleSignInTest.app/$(BUNDLE_EXECUTABLE_FOLDER_PATH)/GoogleSignInTest";
			};
			name = Debug;
		};
		CC5274B52B7AD75400593B67 /* Release */ = {
			isa = XCBuildConfiguration;
			buildSettings = {
				ALWAYS_EMBED_SWIFT_STANDARD_LIBRARIES = YES;
				BUNDLE_LOADER = "$(TEST_HOST)";
				CODE_SIGN_STYLE = Automatic;
				CURRENT_PROJECT_VERSION = 1;
				DEVELOPMENT_TEAM = 7T2874S592;
				GENERATE_INFOPLIST_FILE = YES;
				IPHONEOS_DEPLOYMENT_TARGET = 17.2;
				MARKETING_VERSION = 1.0;
				PRODUCT_BUNDLE_IDENTIFIER = com.cambrianmoment.GoogleSignInTestTests;
				PRODUCT_NAME = "$(TARGET_NAME)";
				SWIFT_EMIT_LOC_STRINGS = NO;
				SWIFT_VERSION = 5.0;
				TARGETED_DEVICE_FAMILY = "1,2";
				TEST_HOST = "$(BUILT_PRODUCTS_DIR)/GoogleSignInTest.app/$(BUNDLE_EXECUTABLE_FOLDER_PATH)/GoogleSignInTest";
			};
			name = Release;
		};
		CC5274B72B7AD75400593B67 /* Debug */ = {
			isa = XCBuildConfiguration;
			buildSettings = {
				ALWAYS_EMBED_SWIFT_STANDARD_LIBRARIES = YES;
				CODE_SIGN_STYLE = Automatic;
				CURRENT_PROJECT_VERSION = 1;
				DEVELOPMENT_TEAM = 7T2874S592;
				GENERATE_INFOPLIST_FILE = YES;
				MARKETING_VERSION = 1.0;
				PRODUCT_BUNDLE_IDENTIFIER = com.cambrianmoment.GoogleSignInTestUITests;
				PRODUCT_NAME = "$(TARGET_NAME)";
				SWIFT_EMIT_LOC_STRINGS = NO;
				SWIFT_VERSION = 5.0;
				TARGETED_DEVICE_FAMILY = "1,2";
				TEST_TARGET_NAME = GoogleSignInTest;
			};
			name = Debug;
		};
		CC5274B82B7AD75400593B67 /* Release */ = {
			isa = XCBuildConfiguration;
			buildSettings = {
				ALWAYS_EMBED_SWIFT_STANDARD_LIBRARIES = YES;
				CODE_SIGN_STYLE = Automatic;
				CURRENT_PROJECT_VERSION = 1;
				DEVELOPMENT_TEAM = 7T2874S592;
				GENERATE_INFOPLIST_FILE = YES;
				MARKETING_VERSION = 1.0;
				PRODUCT_BUNDLE_IDENTIFIER = com.cambrianmoment.GoogleSignInTestUITests;
				PRODUCT_NAME = "$(TARGET_NAME)";
				SWIFT_EMIT_LOC_STRINGS = NO;
				SWIFT_VERSION = 5.0;
				TARGETED_DEVICE_FAMILY = "1,2";
				TEST_TARGET_NAME = GoogleSignInTest;
			};
			name = Release;
		};
/* End XCBuildConfiguration section */

/* Begin XCConfigurationList section */
		CC5274872B7AD75300593B67 /* Build configuration list for PBXProject "GoogleSignInTest" */ = {
			isa = XCConfigurationList;
			buildConfigurations = (
				CC5274AE2B7AD75400593B67 /* Debug */,
				CC5274AF2B7AD75400593B67 /* Release */,
			);
			defaultConfigurationIsVisible = 0;
			defaultConfigurationName = Release;
		};
		CC5274B02B7AD75400593B67 /* Build configuration list for PBXNativeTarget "GoogleSignInTest" */ = {
			isa = XCConfigurationList;
			buildConfigurations = (
				CC5274B12B7AD75400593B67 /* Debug */,
				CC5274B22B7AD75400593B67 /* Release */,
			);
			defaultConfigurationIsVisible = 0;
			defaultConfigurationName = Release;
		};
		CC5274B32B7AD75400593B67 /* Build configuration list for PBXNativeTarget "GoogleSignInTestTests" */ = {
			isa = XCConfigurationList;
			buildConfigurations = (
				CC5274B42B7AD75400593B67 /* Debug */,
				CC5274B52B7AD75400593B67 /* Release */,
			);
			defaultConfigurationIsVisible = 0;
			defaultConfigurationName = Release;
		};
		CC5274B62B7AD75400593B67 /* Build configuration list for PBXNativeTarget "GoogleSignInTestUITests" */ = {
			isa = XCConfigurationList;
			buildConfigurations = (
				CC5274B72B7AD75400593B67 /* Debug */,
				CC5274B82B7AD75400593B67 /* Release */,
			);
			defaultConfigurationIsVisible = 0;
			defaultConfigurationName = Release;
		};
/* End XCConfigurationList section */

/* Begin XCRemoteSwiftPackageReference section */
		CC5274B92B7AD78100593B67 /* XCRemoteSwiftPackageReference "GoogleSignIn-iOS" */ = {
			isa = XCRemoteSwiftPackageReference;
			repositoryURL = "https://github.com/google/GoogleSignIn-iOS";
			requirement = {
				kind = upToNextMajorVersion;
				minimumVersion = 7.0.0;
			};
		};
/* End XCRemoteSwiftPackageReference section */
	};
	rootObject = CC5274842B7AD75300593B67 /* Project object */;
}
